
Microsoft Visual Studio Solution File, Format Version 12.00
# Visual Studio Version 17
VisualStudioVersion = 17.2.32519.379
MinimumVisualStudioVersion = 10.0.40219.1
Project("{8BC9CEB8-8B4A-11D0-8D11-00A0C91BC942}") = "mbr-overwriting", "mbr-overwriting\mbr-overwriting.vcxproj", "{2B793CFC-E14A-44DA-8536-82698134178E}"
EndProject
Global
	GlobalSection(SolutionConfigurationPlatforms) = preSolution
		Debug|x64 = Debug|x64
		Debug|x86 = Debug|x86
		Release|x64 = Release|x64
		Release|x86 = Release|x86
	EndGlobalSection
	GlobalSection(ProjectConfigurationPlatforms) = postSolution
		{2B793CFC-E14A-44DA-8536-82698134178E}.Debug|x64.ActiveCfg = Debug|x64
		{2B793CFC-E14A-44DA-8536-82698134178E}.Debug|x86.ActiveCfg = Debug|Win32
		{2B793CFC-E14A-44DA-8536-82698134178E}.Release|x64.ActiveCfg = Release|x64
		{2B793CFC-E14A-44DA-8536-82698134178E}.Release|x64.Build.0 = Release|x64
		{2B793CFC-E14A-44DA-8536-82698134178E}.Release|x86.ActiveCfg = Release|Win32
		{2B793CFC-E14A-44DA-8536-82698134178E}.Release|x86.Build.0 = Release|Win32
	EndGlobalSection
	GlobalSection(SolutionProperties) = preSolution
		HideSolutionNode = FALSE
	EndGlobalSection
	GlobalSection(ExtensibilityGlobals) = postSolution
		SolutionGuid = {30719099-A375-496E-898A-7834F48CCF5C}
	EndGlobalSection
EndGlobal
