
Microsoft Visual Studio Solution File, Format Version 12.00
# Visual Studio Version 17
VisualStudioVersion = 17.2.32519.379
MinimumVisualStudioVersion = 10.0.40219.1
Project("{8BC9CEB8-8B4A-11D0-8D11-00A0C91BC942}") = "polling-keylogger", "polling-keylogger\polling-keylogger.vcxproj", "{2711B1BB-9FA8-4CE6-A497-16AB8F861FD0}"
EndProject
Project("{8BC9CEB8-8B4A-11D0-8D11-00A0C91BC942}") = "hooking-keylogger", "hooking-keylogger\hooking-keylogger.vcxproj", "{A6F84978-B82E-447D-AE53-81153A32D80F}"
EndProject
Global
	GlobalSection(SolutionConfigurationPlatforms) = preSolution
		Debug|x64 = Debug|x64
		Debug|x86 = Debug|x86
		Release|x64 = Release|x64
		Release|x86 = Release|x86
	EndGlobalSection
	GlobalSection(ProjectConfigurationPlatforms) = postSolution
		{2711B1BB-9FA8-4CE6-A497-16AB8F861FD0}.Debug|x64.ActiveCfg = Debug|x64
		{2711B1BB-9FA8-4CE6-A497-16AB8F861FD0}.Debug|x86.ActiveCfg = Debug|Win32
		{2711B1BB-9FA8-4CE6-A497-16AB8F861FD0}.Release|x64.ActiveCfg = Release|x64
		{2711B1BB-9FA8-4CE6-A497-16AB8F861FD0}.Release|x64.Build.0 = Release|x64
		{2711B1BB-9FA8-4CE6-A497-16AB8F861FD0}.Release|x86.ActiveCfg = Release|Win32
		{2711B1BB-9FA8-4CE6-A497-16AB8F861FD0}.Release|x86.Build.0 = Release|Win32
		{A6F84978-B82E-447D-AE53-81153A32D80F}.Debug|x64.ActiveCfg = Debug|x64
		{A6F84978-B82E-447D-AE53-81153A32D80F}.Debug|x86.ActiveCfg = Debug|Win32
		{A6F84978-B82E-447D-AE53-81153A32D80F}.Release|x64.ActiveCfg = Release|x64
		{A6F84978-B82E-447D-AE53-81153A32D80F}.Release|x64.Build.0 = Release|x64
		{A6F84978-B82E-447D-AE53-81153A32D80F}.Release|x86.ActiveCfg = Release|Win32
		{A6F84978-B82E-447D-AE53-81153A32D80F}.Release|x86.Build.0 = Release|Win32
	EndGlobalSection
	GlobalSection(SolutionProperties) = preSolution
		HideSolutionNode = FALSE
	EndGlobalSection
	GlobalSection(ExtensibilityGlobals) = postSolution
		SolutionGuid = {2D1B326E-B37B-4CE1-AA01-B98BA2CBBB29}
	EndGlobalSection
EndGlobal
